
Microsoft Visual Studio Solution File, Format Version 12.00
# Visual Studio Version 17
VisualStudioVersion = 17.2.32519.379
MinimumVisualStudioVersion = 10.0.40219.1
Project("{FAE04EC0-301F-11D3-BF4B-00C04F79EFBC}") = "RegistrationWindow", "RegistrationWindow\RegistrationWindow.csproj", "{4A01354B-D416-43F5-8EB8-25E4F1E595C1}"
EndProject
Global
	GlobalSection(SolutionConfigurationPlatforms) = preSolution
		Debug|Any CPU = Debug|Any CPU
		Release|Any CPU = Release|Any CPU
	EndGlobalSection
	GlobalSection(ProjectConfigurationPlatforms) = postSolution
		{4A01354B-D416-43F5-8EB8-25E4F1E595C1}.Debug|Any CPU.ActiveCfg = Debug|Any CPU
		{4A01354B-D416-43F5-8EB8-25E4F1E595C1}.Debug|Any CPU.Build.0 = Debug|Any CPU
		{4A01354B-D416-43F5-8EB8-25E4F1E595C1}.Release|Any CPU.ActiveCfg = Release|Any CPU
		{4A01354B-D416-43F5-8EB8-25E4F1E595C1}.Release|Any CPU.Build.0 = Release|Any CPU
	EndGlobalSection
	GlobalSection(SolutionProperties) = preSolution
		HideSolutionNode = FALSE
	EndGlobalSection
	GlobalSection(ExtensibilityGlobals) = postSolution
		SolutionGuid = {DACD97CB-8521-47CE-A960-8BB0396B4BED}
	EndGlobalSection
EndGlobal
